# This file is automatically @generated by Poetry 1.4.2 and should not be changed by hand.

[[package]]
name = "gps"
version = "3.19"
description = "GPSD client"
category = "main"
optional = false
python-versions = "*"
files = [
    {file = "gps-3.19-py3-none-any.whl", hash = "sha256:19592208592abdf28c8208f68faa9b8fee410543517b4a436f7a44d4b60aff85"},
    {file = "gps-3.19.tar.gz", hash = "sha256:9e1d2280e4944ddb46cf19772b2768848db91bf8363ad8a72b7996b1c6dd560a"},
]

[metadata]
lock-version = "2.0"
python-versions = "^3.11"
content-hash = "4d6d4a64b7355ea32ad09e2bf78a60f2daceb124d13a379838bd68889691f066"
